
Microsoft Visual Studio Solution File, Format Version 12.00
# Visual Studio Version 17
VisualStudioVersion = 17.4.33205.214
MinimumVisualStudioVersion = 10.0.40219.1
Project("{9A19103F-16F7-4668-BE54-9A1E7A4F7556}") = "BlazorApp.Server", "BlazorApp\Server\BlazorApp.Server.csproj", "{2134B4F3-3100-4DD3-8F15-3E42B2A10204}"
EndProject
Project("{9A19103F-16F7-4668-BE54-9A1E7A4F7556}") = "BlazorApp.Client", "BlazorApp\Client\BlazorApp.Client.csproj", "{75ED0F3F-A6C1-453C-A0F3-7E3DD68D3F63}"
EndProject
Project("{9A19103F-16F7-4668-BE54-9A1E7A4F7556}") = "BlazorApp.Shared", "BlazorApp\Shared\BlazorApp.Shared.csproj", "{AA14B3CC-C648-4327-8590-8A47D00F0B79}"
EndProject
Project("{9A19103F-16F7-4668-BE54-9A1E7A4F7556}") = "RazorClassLibrary", "RazorClassLibrary\RazorClassLibrary.csproj", "{924F9A35-3CE6-411C-A7B6-5815374E0631}"
EndProject
Project("{FAE04EC0-301F-11D3-BF4B-00C04F79EFBC}") = "BlazorServerWebApp", "BlazorServerWebApp\BlazorServerWebApp.csproj", "{66ABEAC7-0912-4C0A-AE9E-08643CC31182}"
EndProject
Project("{FAE04EC0-301F-11D3-BF4B-00C04F79EFBC}") = "MyWebApi", "MyWebApi\MyWebApi.csproj", "{783E9ECD-22E1-450B-86A4-BABEDA640526}"
EndProject
Project("{FAE04EC0-301F-11D3-BF4B-00C04F79EFBC}") = "WebApiOdata", "WebApiOdata\WebApiOdata.csproj", "{92C5919E-C4D9-4CFC-844C-829AAB9E2305}"
EndProject
Global
	GlobalSection(SolutionConfigurationPlatforms) = preSolution
		Debug|Any CPU = Debug|Any CPU
		Release|Any CPU = Release|Any CPU
	EndGlobalSection
	GlobalSection(ProjectConfigurationPlatforms) = postSolution
		{2134B4F3-3100-4DD3-8F15-3E42B2A10204}.Debug|Any CPU.ActiveCfg = Debug|Any CPU
		{2134B4F3-3100-4DD3-8F15-3E42B2A10204}.Debug|Any CPU.Build.0 = Debug|Any CPU
		{2134B4F3-3100-4DD3-8F15-3E42B2A10204}.Release|Any CPU.ActiveCfg = Release|Any CPU
		{2134B4F3-3100-4DD3-8F15-3E42B2A10204}.Release|Any CPU.Build.0 = Release|Any CPU
		{75ED0F3F-A6C1-453C-A0F3-7E3DD68D3F63}.Debug|Any CPU.ActiveCfg = Debug|Any CPU
		{75ED0F3F-A6C1-453C-A0F3-7E3DD68D3F63}.Debug|Any CPU.Build.0 = Debug|Any CPU
		{75ED0F3F-A6C1-453C-A0F3-7E3DD68D3F63}.Release|Any CPU.ActiveCfg = Release|Any CPU
		{75ED0F3F-A6C1-453C-A0F3-7E3DD68D3F63}.Release|Any CPU.Build.0 = Release|Any CPU
		{AA14B3CC-C648-4327-8590-8A47D00F0B79}.Debug|Any CPU.ActiveCfg = Debug|Any CPU
		{AA14B3CC-C648-4327-8590-8A47D00F0B79}.Debug|Any CPU.Build.0 = Debug|Any CPU
		{AA14B3CC-C648-4327-8590-8A47D00F0B79}.Release|Any CPU.ActiveCfg = Release|Any CPU
		{AA14B3CC-C648-4327-8590-8A47D00F0B79}.Release|Any CPU.Build.0 = Release|Any CPU
		{924F9A35-3CE6-411C-A7B6-5815374E0631}.Debug|Any CPU.ActiveCfg = Debug|Any CPU
		{924F9A35-3CE6-411C-A7B6-5815374E0631}.Debug|Any CPU.Build.0 = Debug|Any CPU
		{924F9A35-3CE6-411C-A7B6-5815374E0631}.Release|Any CPU.ActiveCfg = Release|Any CPU
		{924F9A35-3CE6-411C-A7B6-5815374E0631}.Release|Any CPU.Build.0 = Release|Any CPU
		{66ABEAC7-0912-4C0A-AE9E-08643CC31182}.Debug|Any CPU.ActiveCfg = Debug|Any CPU
		{66ABEAC7-0912-4C0A-AE9E-08643CC31182}.Debug|Any CPU.Build.0 = Debug|Any CPU
		{66ABEAC7-0912-4C0A-AE9E-08643CC31182}.Release|Any CPU.ActiveCfg = Release|Any CPU
		{66ABEAC7-0912-4C0A-AE9E-08643CC31182}.Release|Any CPU.Build.0 = Release|Any CPU
		{783E9ECD-22E1-450B-86A4-BABEDA640526}.Debug|Any CPU.ActiveCfg = Debug|Any CPU
		{783E9ECD-22E1-450B-86A4-BABEDA640526}.Debug|Any CPU.Build.0 = Debug|Any CPU
		{783E9ECD-22E1-450B-86A4-BABEDA640526}.Release|Any CPU.ActiveCfg = Release|Any CPU
		{783E9ECD-22E1-450B-86A4-BABEDA640526}.Release|Any CPU.Build.0 = Release|Any CPU
		{92C5919E-C4D9-4CFC-844C-829AAB9E2305}.Debug|Any CPU.ActiveCfg = Debug|Any CPU
		{92C5919E-C4D9-4CFC-844C-829AAB9E2305}.Debug|Any CPU.Build.0 = Debug|Any CPU
		{92C5919E-C4D9-4CFC-844C-829AAB9E2305}.Release|Any CPU.ActiveCfg = Release|Any CPU
		{92C5919E-C4D9-4CFC-844C-829AAB9E2305}.Release|Any CPU.Build.0 = Release|Any CPU
	EndGlobalSection
	GlobalSection(SolutionProperties) = preSolution
		HideSolutionNode = FALSE
	EndGlobalSection
	GlobalSection(ExtensibilityGlobals) = postSolution
		SolutionGuid = {988F0E98-A6D5-42C1-989F-10389F3CAD40}
	EndGlobalSection
EndGlobal
